// !$*UTF8*$!
{
	archiveVersion = 1;
	classes = {
	};
	objectVersion = 77;
	objects = {

/* Begin PBXBuildFile section */
		4A9ED5BB2D4C1881001F0BA7 /* README.md in Resources */ = {isa = PBXBuildFile; fileRef = 4A9ED5BA2D4C1879001F0BA7 /* README.md */; };
/* End PBXBuildFile section */

/* Begin PBXContainerItemProxy section */
		4ADA66432D4ADB9600D22C44 /* PBXContainerItemProxy */ = {
			isa = PBXContainerItemProxy;
			containerPortal = 4ADA662A2D4ADB9500D22C44 /* Project object */;
			proxyType = 1;
			remoteGlobalIDString = 4ADA66312D4ADB9500D22C44;
			remoteInfo = MBerkFetch;
		};
		4ADA664D2D4ADB9600D22C44 /* PBXContainerItemProxy */ = {
			isa = PBXContainerItemProxy;
			containerPortal = 4ADA662A2D4ADB9500D22C44 /* Project object */;
			proxyType = 1;
			remoteGlobalIDString = 4ADA66312D4ADB9500D22C44;
			remoteInfo = MBerkFetch;
		};
/* End PBXContainerItemProxy section */

/* Begin PBXFileReference section */
		4A9ED5BA2D4C1879001F0BA7 /* README.md */ = {isa = PBXFileReference; lastKnownFileType = net.daringfireball.markdown; path = README.md; sourceTree = "<group>"; };
		4ADA66322D4ADB9500D22C44 /* MBerkFetch.app */ = {isa = PBXFileReference; explicitFileType = wrapper.application; includeInIndex = 0; path = MBerkFetch.app; sourceTree = BUILT_PRODUCTS_DIR; };
		4ADA66422D4ADB9600D22C44 /* MBerkFetchTests.xctest */ = {isa = PBXFileReference; explicitFileType = wrapper.cfbundle; includeInIndex = 0; path = MBerkFetchTests.xctest; sourceTree = BUILT_PRODUCTS_DIR; };
		4ADA664C2D4ADB9600D22C44 /* MBerkFetchUITests.xctest */ = {isa = PBXFileReference; explicitFileType = wrapper.cfbundle; includeInIndex = 0; path = MBerkFetchUITests.xctest; sourceTree = BUILT_PRODUCTS_DIR; };
/* End PBXFileReference section */

/* Begin PBXFileSystemSynchronizedRootGroup section */
		4ADA66342D4ADB9500D22C44 /* MBerkFetch */ = {
			isa = PBXFileSystemSynchronizedRootGroup;
			path = MBerkFetch;
			sourceTree = "<group>";
		};
		4ADA66452D4ADB9600D22C44 /* MBerkFetchTests */ = {
			isa = PBXFileSystemSynchronizedRootGroup;
			path = MBerkFetchTests;
			sourceTree = "<group>";
		};
		4ADA664F2D4ADB9600D22C44 /* MBerkFetchUITests */ = {
			isa = PBXFileSystemSynchronizedRootGroup;
			path = MBerkFetchUITests;
			sourceTree = "<group>";
		};
/* End PBXFileSystemSynchronizedRootGroup section */

/* Begin PBXFrameworksBuildPhase section */
		4ADA662F2D4ADB9500D22C44 /* Frameworks */ = {
			isa = PBXFrameworksBuildPhase;
			buildActionMask = 2147483647;
			files = (
			);
			runOnlyForDeploymentPostprocessing = 0;
		};
		4ADA663F2D4ADB9600D22C44 /* Frameworks */ = {
			isa = PBXFrameworksBuildPhase;
			buildActionMask = 2147483647;
			files = (
			);
			runOnlyForDeploymentPostprocessing = 0;
		};
		4ADA66492D4ADB9600D22C44 /* Frameworks */ = {
			isa = PBXFrameworksBuildPhase;
			buildActionMask = 2147483647;
			files = (
			);
			runOnlyForDeploymentPostprocessing = 0;
		};
/* End PBXFrameworksBuildPhase section */

/* Begin PBXGroup section */
		4ADA66292D4ADB9500D22C44 = {
			isa = PBXGroup;
			children = (
				4A9ED5BA2D4C1879001F0BA7 /* README.md */,
				4ADA66342D4ADB9500D22C44 /* MBerkFetch */,
				4ADA66452D4ADB9600D22C44 /* MBerkFetchTests */,
				4ADA664F2D4ADB9600D22C44 /* MBerkFetchUITests */,
				4ADA66332D4ADB9500D22C44 /* Products */,
			);
			sourceTree = "<group>";
		};
		4ADA66332D4ADB9500D22C44 /* Products */ = {
			isa = PBXGroup;
			children = (
				4ADA66322D4ADB9500D22C44 /* MBerkFetch.app */,
				4ADA66422D4ADB9600D22C44 /* MBerkFetchTests.xctest */,
				4ADA664C2D4ADB9600D22C44 /* MBerkFetchUITests.xctest */,
			);
			name = Products;
			sourceTree = "<group>";
		};
/* End PBXGroup section */

/* Begin PBXNativeTarget section */
		4ADA66312D4ADB9500D22C44 /* MBerkFetch */ = {
			isa = PBXNativeTarget;
			buildConfigurationList = 4ADA66562D4ADB9600D22C44 /* Build configuration list for PBXNativeTarget "MBerkFetch" */;
			buildPhases = (
				4ADA662E2D4ADB9500D22C44 /* Sources */,
				4ADA662F2D4ADB9500D22C44 /* Frameworks */,
				4ADA66302D4ADB9500D22C44 /* Resources */,
			);
			buildRules = (
			);
			dependencies = (
			);
			fileSystemSynchronizedGroups = (
				4ADA66342D4ADB9500D22C44 /* MBerkFetch */,
			);
			name = MBerkFetch;
			packageProductDependencies = (
			);
			productName = MBerkFetch;
			productReference = 4ADA66322D4ADB9500D22C44 /* MBerkFetch.app */;
			productType = "com.apple.product-type.application";
		};
		4ADA66412D4ADB9600D22C44 /* MBerkFetchTests */ = {
			isa = PBXNativeTarget;
			buildConfigurationList = 4ADA66592D4ADB9600D22C44 /* Build configuration list for PBXNativeTarget "MBerkFetchTests" */;
			buildPhases = (
				4ADA663E2D4ADB9600D22C44 /* Sources */,
				4ADA663F2D4ADB9600D22C44 /* Frameworks */,
				4ADA66402D4ADB9600D22C44 /* Resources */,
			);
			buildRules = (
			);
			dependencies = (
				4ADA66442D4ADB9600D22C44 /* PBXTargetDependency */,
			);
			fileSystemSynchronizedGroups = (
				4ADA66452D4ADB9600D22C44 /* MBerkFetchTests */,
			);
			name = MBerkFetchTests;
			packageProductDependencies = (
			);
			productName = MBerkFetchTests;
			productReference = 4ADA66422D4ADB9600D22C44 /* MBerkFetchTests.xctest */;
			productType = "com.apple.product-type.bundle.unit-test";
		};
		4ADA664B2D4ADB9600D22C44 /* MBerkFetchUITests */ = {
			isa = PBXNativeTarget;
			buildConfigurationList = 4ADA665C2D4ADB9600D22C44 /* Build configuration list for PBXNativeTarget "MBerkFetchUITests" */;
			buildPhases = (
				4ADA66482D4ADB9600D22C44 /* Sources */,
				4ADA66492D4ADB9600D22C44 /* Frameworks */,
				4ADA664A2D4ADB9600D22C44 /* Resources */,
			);
			buildRules = (
			);
			dependencies = (
				4ADA664E2D4ADB9600D22C44 /* PBXTargetDependency */,
			);
			fileSystemSynchronizedGroups = (
				4ADA664F2D4ADB9600D22C44 /* MBerkFetchUITests */,
			);
			name = MBerkFetchUITests;
			packageProductDependencies = (
			);
			productName = MBerkFetchUITests;
			productReference = 4ADA664C2D4ADB9600D22C44 /* MBerkFetchUITests.xctest */;
			productType = "com.apple.product-type.bundle.ui-testing";
		};
/* End PBXNativeTarget section */

/* Begin PBXProject section */
		4ADA662A2D4ADB9500D22C44 /* Project object */ = {
			isa = PBXProject;
			attributes = {
				BuildIndependentTargetsInParallel = 1;
				LastSwiftUpdateCheck = 1620;
				LastUpgradeCheck = 1620;
				TargetAttributes = {
					4ADA66312D4ADB9500D22C44 = {
						CreatedOnToolsVersion = 16.2;
					};
					4ADA66412D4ADB9600D22C44 = {
						CreatedOnToolsVersion = 16.2;
						TestTargetID = 4ADA66312D4ADB9500D22C44;
					};
					4ADA664B2D4ADB9600D22C44 = {
						CreatedOnToolsVersion = 16.2;
						TestTargetID = 4ADA66312D4ADB9500D22C44;
					};
				};
			};
			buildConfigurationList = 4ADA662D2D4ADB9500D22C44 /* Build configuration list for PBXProject "MBerkFetch" */;
			developmentRegion = en;
			hasScannedForEncodings = 0;
			knownRegions = (
				en,
				Base,
			);
			mainGroup = 4ADA66292D4ADB9500D22C44;
			minimizedProjectReferenceProxies = 1;
			preferredProjectObjectVersion = 77;
			productRefGroup = 4ADA66332D4ADB9500D22C44 /* Products */;
			projectDirPath = "";
			projectRoot = "";
			targets = (
				4ADA66312D4ADB9500D22C44 /* MBerkFetch */,
				4ADA66412D4ADB9600D22C44 /* MBerkFetchTests */,
				4ADA664B2D4ADB9600D22C44 /* MBerkFetchUITests */,
			);
		};
/* End PBXProject section */

/* Begin PBXResourcesBuildPhase section */
		4ADA66302D4ADB9500D22C44 /* Resources */ = {
			isa = PBXResourcesBuildPhase;
			buildActionMask = 2147483647;
			files = (
				4A9ED5BB2D4C1881001F0BA7 /* README.md in Resources */,
			);
			runOnlyForDeploymentPostprocessing = 0;
		};
		4ADA66402D4ADB9600D22C44 /* Resources */ = {
			isa = PBXResourcesBuildPhase;
			buildActionMask = 2147483647;
			files = (
			);
			runOnlyForDeploymentPostprocessing = 0;
		};
		4ADA664A2D4ADB9600D22C44 /* Resources */ = {
			isa = PBXResourcesBuildPhase;
			buildActionMask = 2147483647;
			files = (
			);
			runOnlyForDeploymentPostprocessing = 0;
		};
/* End PBXResourcesBuildPhase section */

/* Begin PBXSourcesBuildPhase section */
		4ADA662E2D4ADB9500D22C44 /* Sources */ = {
			isa = PBXSourcesBuildPhase;
			buildActionMask = 2147483647;
			files = (
			);
			runOnlyForDeploymentPostprocessing = 0;
		};
		4ADA663E2D4ADB9600D22C44 /* Sources */ = {
			isa = PBXSourcesBuildPhase;
			buildActionMask = 2147483647;
			files = (
			);
			runOnlyForDeploymentPostprocessing = 0;
		};
		4ADA66482D4ADB9600D22C44 /* Sources */ = {
			isa = PBXSourcesBuildPhase;
			buildActionMask = 2147483647;
			files = (
			);
			runOnlyForDeploymentPostprocessing = 0;
		};
/* End PBXSourcesBuildPhase section */

/* Begin PBXTargetDependency section */
		4ADA66442D4ADB9600D22C44 /* PBXTargetDependency */ = {
			isa = PBXTargetDependency;
			target = 4ADA66312D4ADB9500D22C44 /* MBerkFetch */;
			targetProxy = 4ADA66432D4ADB9600D22C44 /* PBXContainerItemProxy */;
		};
		4ADA664E2D4ADB9600D22C44 /* PBXTargetDependency */ = {
			isa = PBXTargetDependency;
			target = 4ADA66312D4ADB9500D22C44 /* MBerkFetch */;
			targetProxy = 4ADA664D2D4ADB9600D22C44 /* PBXContainerItemProxy */;
		};
/* End PBXTargetDependency section */

/* Begin XCBuildConfiguration section */
		4ADA66542D4ADB9600D22C44 /* Debug */ = {
			isa = XCBuildConfiguration;
			buildSettings = {
				ALWAYS_SEARCH_USER_PATHS = NO;
				ASSETCATALOG_COMPILER_GENERATE_SWIFT_ASSET_SYMBOL_EXTENSIONS = YES;
				CLANG_ANALYZER_NONNULL = YES;
				CLANG_ANALYZER_NUMBER_OBJECT_CONVERSION = YES_AGGRESSIVE;
				CLANG_CXX_LANGUAGE_STANDARD = "gnu++20";
				CLANG_ENABLE_MODULES = YES;
				CLANG_ENABLE_OBJC_ARC = YES;
				CLANG_ENABLE_OBJC_WEAK = YES;
				CLANG_WARN_BLOCK_CAPTURE_AUTORELEASING = YES;
				CLANG_WARN_BOOL_CONVERSION = YES;
				CLANG_WARN_COMMA = YES;
				CLANG_WARN_CONSTANT_CONVERSION = YES;
				CLANG_WARN_DEPRECATED_OBJC_IMPLEMENTATIONS = YES;
				CLANG_WARN_DIRECT_OBJC_ISA_USAGE = YES_ERROR;
				CLANG_WARN_DOCUMENTATION_COMMENTS = YES;
				CLANG_WARN_EMPTY_BODY = YES;
				CLANG_WARN_ENUM_CONVERSION = YES;
				CLANG_WARN_INFINITE_RECURSION = YES;
				CLANG_WARN_INT_CONVERSION = YES;
				CLANG_WARN_NON_LITERAL_NULL_CONVERSION = YES;
				CLANG_WARN_OBJC_IMPLICIT_RETAIN_SELF = YES;
				CLANG_WARN_OBJC_LITERAL_CONVERSION = YES;
				CLANG_WARN_OBJC_ROOT_CLASS = YES_ERROR;
				CLANG_WARN_QUOTED_INCLUDE_IN_FRAMEWORK_HEADER = YES;
				CLANG_WARN_RANGE_LOOP_ANALYSIS = YES;
				CLANG_WARN_STRICT_PROTOTYPES = YES;
				CLANG_WARN_SUSPICIOUS_MOVE = YES;
				CLANG_WARN_UNGUARDED_AVAILABILITY = YES_AGGRESSIVE;
				CLANG_WARN_UNREACHABLE_CODE = YES;
				CLANG_WARN__DUPLICATE_METHOD_MATCH = YES;
				COPY_PHASE_STRIP = NO;
				DEBUG_INFORMATION_FORMAT = dwarf;
				ENABLE_STRICT_OBJC_MSGSEND = YES;
				ENABLE_TESTABILITY = YES;
				ENABLE_USER_SCRIPT_SANDBOXING = YES;
				GCC_C_LANGUAGE_STANDARD = gnu17;
				GCC_DYNAMIC_NO_PIC = NO;
				GCC_NO_COMMON_BLOCKS = YES;
				GCC_OPTIMIZATION_LEVEL = 0;
				GCC_PREPROCESSOR_DEFINITIONS = (
					"DEBUG=1",
					"$(inherited)",
				);
				GCC_WARN_64_TO_32_BIT_CONVERSION = YES;
				GCC_WARN_ABOUT_RETURN_TYPE = YES_ERROR;
				GCC_WARN_UNDECLARED_SELECTOR = YES;
				GCC_WARN_UNINITIALIZED_AUTOS = YES_AGGRESSIVE;
				GCC_WARN_UNUSED_FUNCTION = YES;
				GCC_WARN_UNUSED_VARIABLE = YES;
				IPHONEOS_DEPLOYMENT_TARGET = 18.2;
				LOCALIZATION_PREFERS_STRING_CATALOGS = YES;
				MTL_ENABLE_DEBUG_INFO = INCLUDE_SOURCE;
				MTL_FAST_MATH = YES;
				ONLY_ACTIVE_ARCH = YES;
				SDKROOT = iphoneos;
				SWIFT_ACTIVE_COMPILATION_CONDITIONS = "DEBUG $(inherited)";
				SWIFT_OPTIMIZATION_LEVEL = "-Onone";
			};
			name = Debug;
		};
		4ADA66552D4ADB9600D22C44 /* Release */ = {
			isa = XCBuildConfiguration;
			buildSettings = {
				ALWAYS_SEARCH_USER_PATHS = NO;
				ASSETCATALOG_COMPILER_GENERATE_SWIFT_ASSET_SYMBOL_EXTENSIONS = YES;
				CLANG_ANALYZER_NONNULL = YES;
				CLANG_ANALYZER_NUMBER_OBJECT_CONVERSION = YES_AGGRESSIVE;
				CLANG_CXX_LANGUAGE_STANDARD = "gnu++20";
				CLANG_ENABLE_MODULES = YES;
				CLANG_ENABLE_OBJC_ARC = YES;
				CLANG_ENABLE_OBJC_WEAK = YES;
				CLANG_WARN_BLOCK_CAPTURE_AUTORELEASING = YES;
				CLANG_WARN_BOOL_CONVERSION = YES;
				CLANG_WARN_COMMA = YES;
				CLANG_WARN_CONSTANT_CONVERSION = YES;
				CLANG_WARN_DEPRECATED_OBJC_IMPLEMENTATIONS = YES;
				CLANG_WARN_DIRECT_OBJC_ISA_USAGE = YES_ERROR;
				CLANG_WARN_DOCUMENTATION_COMMENTS = YES;
				CLANG_WARN_EMPTY_BODY = YES;
				CLANG_WARN_ENUM_CONVERSION = YES;
				CLANG_WARN_INFINITE_RECURSION = YES;
				CLANG_WARN_INT_CONVERSION = YES;
				CLANG_WARN_NON_LITERAL_NULL_CONVERSION = YES;
				CLANG_WARN_OBJC_IMPLICIT_RETAIN_SELF = YES;
				CLANG_WARN_OBJC_LITERAL_CONVERSION = YES;
				CLANG_WARN_OBJC_ROOT_CLASS = YES_ERROR;
				CLANG_WARN_QUOTED_INCLUDE_IN_FRAMEWORK_HEADER = YES;
				CLANG_WARN_RANGE_LOOP_ANALYSIS = YES;
				CLANG_WARN_STRICT_PROTOTYPES = YES;
				CLANG_WARN_SUSPICIOUS_MOVE = YES;
				CLANG_WARN_UNGUARDED_AVAILABILITY = YES_AGGRESSIVE;
				CLANG_WARN_UNREACHABLE_CODE = YES;
				CLANG_WARN__DUPLICATE_METHOD_MATCH = YES;
				COPY_PHASE_STRIP = NO;
				DEBUG_INFORMATION_FORMAT = "dwarf-with-dsym";
				ENABLE_NS_ASSERTIONS = NO;
				ENABLE_STRICT_OBJC_MSGSEND = YES;
				ENABLE_USER_SCRIPT_SANDBOXING = YES;
				GCC_C_LANGUAGE_STANDARD = gnu17;
				GCC_NO_COMMON_BLOCKS = YES;
				GCC_WARN_64_TO_32_BIT_CONVERSION = YES;
				GCC_WARN_ABOUT_RETURN_TYPE = YES_ERROR;
				GCC_WARN_UNDECLARED_SELECTOR = YES;
				GCC_WARN_UNINITIALIZED_AUTOS = YES_AGGRESSIVE;
				GCC_WARN_UNUSED_FUNCTION = YES;
				GCC_WARN_UNUSED_VARIABLE = YES;
				IPHONEOS_DEPLOYMENT_TARGET = 18.2;
				LOCALIZATION_PREFERS_STRING_CATALOGS = YES;
				MTL_ENABLE_DEBUG_INFO = NO;
				MTL_FAST_MATH = YES;
				SDKROOT = iphoneos;
				SWIFT_COMPILATION_MODE = wholemodule;
				VALIDATE_PRODUCT = YES;
			};
			name = Release;
		};
		4ADA66572D4ADB9600D22C44 /* Debug */ = {
			isa = XCBuildConfiguration;
			buildSettings = {
				ASSETCATALOG_COMPILER_APPICON_NAME = AppIcon;
				ASSETCATALOG_COMPILER_GLOBAL_ACCENT_COLOR_NAME = AccentColor;
				CODE_SIGN_STYLE = Automatic;
				CURRENT_PROJECT_VERSION = 1;
				DEVELOPMENT_ASSET_PATHS = "\"MBerkFetch/Preview Content\"";
				DEVELOPMENT_TEAM = 39SZK2C73D;
				ENABLE_PREVIEWS = YES;
				GENERATE_INFOPLIST_FILE = YES;
				INFOPLIST_KEY_UIApplicationSceneManifest_Generation = YES;
				INFOPLIST_KEY_UIApplicationSupportsIndirectInputEvents = YES;
				INFOPLIST_KEY_UILaunchScreen_Generation = YES;
				INFOPLIST_KEY_UISupportedInterfaceOrientations_iPad = "UIInterfaceOrientationPortrait UIInterfaceOrientationPortraitUpsideDown UIInterfaceOrientationLandscapeLeft UIInterfaceOrientationLandscapeRight";
				INFOPLIST_KEY_UISupportedInterfaceOrientations_iPhone = "UIInterfaceOrientationPortrait UIInterfaceOrientationLandscapeLeft UIInterfaceOrientationLandscapeRight";
				IPHONEOS_DEPLOYMENT_TARGET = 18.0;
				LD_RUNPATH_SEARCH_PATHS = (
					"$(inherited)",
					"@executable_path/Frameworks",
				);
				MARKETING_VERSION = 1.0;
				PRODUCT_BUNDLE_IDENTIFIER = com.mibe.MBerkFetch;
				PRODUCT_NAME = "$(TARGET_NAME)";
				SWIFT_EMIT_LOC_STRINGS = YES;
				SWIFT_VERSION = 5.0;
				TARGETED_DEVICE_FAMILY = "1,2";
			};
			name = Debug;
		};
		4ADA66582D4ADB9600D22C44 /* Release */ = {
			isa = XCBuildConfiguration;
			buildSettings = {
				ASSETCATALOG_COMPILER_APPICON_NAME = AppIcon;
				ASSETCATALOG_COMPILER_GLOBAL_ACCENT_COLOR_NAME = AccentColor;
				CODE_SIGN_STYLE = Automatic;
				CURRENT_PROJECT_VERSION = 1;
				DEVELOPMENT_ASSET_PATHS = "\"MBerkFetch/Preview Content\"";
				DEVELOPMENT_TEAM = 39SZK2C73D;
				ENABLE_PREVIEWS = YES;
				GENERATE_INFOPLIST_FILE = YES;
				INFOPLIST_KEY_UIApplicationSceneManifest_Generation = YES;
				INFOPLIST_KEY_UIApplicationSupportsIndirectInputEvents = YES;
				INFOPLIST_KEY_UILaunchScreen_Generation = YES;
				INFOPLIST_KEY_UISupportedInterfaceOrientations_iPad = "UIInterfaceOrientationPortrait UIInterfaceOrientationPortraitUpsideDown UIInterfaceOrientationLandscapeLeft UIInterfaceOrientationLandscapeRight";
				INFOPLIST_KEY_UISupportedInterfaceOrientations_iPhone = "UIInterfaceOrientationPortrait UIInterfaceOrientationLandscapeLeft UIInterfaceOrientationLandscapeRight";
				IPHONEOS_DEPLOYMENT_TARGET = 18.0;
				LD_RUNPATH_SEARCH_PATHS = (
					"$(inherited)",
					"@executable_path/Frameworks",
				);
				MARKETING_VERSION = 1.0;
				PRODUCT_BUNDLE_IDENTIFIER = com.mibe.MBerkFetch;
				PRODUCT_NAME = "$(TARGET_NAME)";
				SWIFT_EMIT_LOC_STRINGS = YES;
				SWIFT_VERSION = 5.0;
				TARGETED_DEVICE_FAMILY = "1,2";
			};
			name = Release;
		};
		4ADA665A2D4ADB9600D22C44 /* Debug */ = {
			isa = XCBuildConfiguration;
			buildSettings = {
				BUNDLE_LOADER = "$(TEST_HOST)";
				CODE_SIGN_STYLE = Automatic;
				CURRENT_PROJECT_VERSION = 1;
				DEVELOPMENT_TEAM = 39SZK2C73D;
				GENERATE_INFOPLIST_FILE = YES;
				IPHONEOS_DEPLOYMENT_TARGET = 18.0;
				MARKETING_VERSION = 1.0;
				PRODUCT_BUNDLE_IDENTIFIER = com.mibe.MBerkFetchTests;
				PRODUCT_NAME = "$(TARGET_NAME)";
				SWIFT_EMIT_LOC_STRINGS = NO;
				SWIFT_VERSION = 5.0;
				TARGETED_DEVICE_FAMILY = "1,2";
				TEST_HOST = "$(BUILT_PRODUCTS_DIR)/MBerkFetch.app/$(BUNDLE_EXECUTABLE_FOLDER_PATH)/MBerkFetch";
			};
			name = Debug;
		};
		4ADA665B2D4ADB9600D22C44 /* Release */ = {
			isa = XCBuildConfiguration;
			buildSettings = {
				BUNDLE_LOADER = "$(TEST_HOST)";
				CODE_SIGN_STYLE = Automatic;
				CURRENT_PROJECT_VERSION = 1;
				DEVELOPMENT_TEAM = 39SZK2C73D;
				GENERATE_INFOPLIST_FILE = YES;
				IPHONEOS_DEPLOYMENT_TARGET = 18.0;
				MARKETING_VERSION = 1.0;
				PRODUCT_BUNDLE_IDENTIFIER = com.mibe.MBerkFetchTests;
				PRODUCT_NAME = "$(TARGET_NAME)";
				SWIFT_EMIT_LOC_STRINGS = NO;
				SWIFT_VERSION = 5.0;
				TARGETED_DEVICE_FAMILY = "1,2";
				TEST_HOST = "$(BUILT_PRODUCTS_DIR)/MBerkFetch.app/$(BUNDLE_EXECUTABLE_FOLDER_PATH)/MBerkFetch";
			};
			name = Release;
		};
		4ADA665D2D4ADB9600D22C44 /* Debug */ = {
			isa = XCBuildConfiguration;
			buildSettings = {
				CODE_SIGN_STYLE = Automatic;
				CURRENT_PROJECT_VERSION = 1;
				DEVELOPMENT_TEAM = 39SZK2C73D;
				GENERATE_INFOPLIST_FILE = YES;
				IPHONEOS_DEPLOYMENT_TARGET = 18.0;
				MARKETING_VERSION = 1.0;
				PRODUCT_BUNDLE_IDENTIFIER = com.mibe.MBerkFetchUITests;
				PRODUCT_NAME = "$(TARGET_NAME)";
				SWIFT_EMIT_LOC_STRINGS = NO;
				SWIFT_VERSION = 5.0;
				TARGETED_DEVICE_FAMILY = "1,2";
				TEST_TARGET_NAME = MBerkFetch;
			};
			name = Debug;
		};
		4ADA665E2D4ADB9600D22C44 /* Release */ = {
			isa = XCBuildConfiguration;
			buildSettings = {
				CODE_SIGN_STYLE = Automatic;
				CURRENT_PROJECT_VERSION = 1;
				DEVELOPMENT_TEAM = 39SZK2C73D;
				GENERATE_INFOPLIST_FILE = YES;
				IPHONEOS_DEPLOYMENT_TARGET = 18.0;
				MARKETING_VERSION = 1.0;
				PRODUCT_BUNDLE_IDENTIFIER = com.mibe.MBerkFetchUITests;
				PRODUCT_NAME = "$(TARGET_NAME)";
				SWIFT_EMIT_LOC_STRINGS = NO;
				SWIFT_VERSION = 5.0;
				TARGETED_DEVICE_FAMILY = "1,2";
				TEST_TARGET_NAME = MBerkFetch;
			};
			name = Release;
		};
/* End XCBuildConfiguration section */

/* Begin XCConfigurationList section */
		4ADA662D2D4ADB9500D22C44 /* Build configuration list for PBXProject "MBerkFetch" */ = {
			isa = XCConfigurationList;
			buildConfigurations = (
				4ADA66542D4ADB9600D22C44 /* Debug */,
				4ADA66552D4ADB9600D22C44 /* Release */,
			);
			defaultConfigurationIsVisible = 0;
			defaultConfigurationName = Release;
		};
		4ADA66562D4ADB9600D22C44 /* Build configuration list for PBXNativeTarget "MBerkFetch" */ = {
			isa = XCConfigurationList;
			buildConfigurations = (
				4ADA66572D4ADB9600D22C44 /* Debug */,
				4ADA66582D4ADB9600D22C44 /* Release */,
			);
			defaultConfigurationIsVisible = 0;
			defaultConfigurationName = Release;
		};
		4ADA66592D4ADB9600D22C44 /* Build configuration list for PBXNativeTarget "MBerkFetchTests" */ = {
			isa = XCConfigurationList;
			buildConfigurations = (
				4ADA665A2D4ADB9600D22C44 /* Debug */,
				4ADA665B2D4ADB9600D22C44 /* Release */,
			);
			defaultConfigurationIsVisible = 0;
			defaultConfigurationName = Release;
		};
		4ADA665C2D4ADB9600D22C44 /* Build configuration list for PBXNativeTarget "MBerkFetchUITests" */ = {
			isa = XCConfigurationList;
			buildConfigurations = (
				4ADA665D2D4ADB9600D22C44 /* Debug */,
				4ADA665E2D4ADB9600D22C44 /* Release */,
			);
			defaultConfigurationIsVisible = 0;
			defaultConfigurationName = Release;
		};
/* End XCConfigurationList section */
	};
	rootObject = 4ADA662A2D4ADB9500D22C44 /* Project object */;
}
